
Microsoft Visual Studio Solution File, Format Version 12.00
# Visual Studio Version 18
VisualStudioVersion = 18.0.11018.127 d18.0
MinimumVisualStudioVersion = 10.0.40219.1
Project("{FAE04EC0-301F-11D3-BF4B-00C04F79EFBC}") = "VisiWin7.ProcessControls.Development.WPF", "VisiWin7.ProcessControls.Development.WPF\VisiWin7.ProcessControls.Development.WPF.csproj", "{3A0CB738-D9EE-473D-9741-2697659D0D9B}"
	ProjectSection(ProjectDependencies) = postProject
		{6BD96C55-1F03-46D2-BD1C-22A0420D3C0F} = {6BD96C55-1F03-46D2-BD1C-22A0420D3C0F}
		{7247D015-6134-4160-978B-5C88785F9CE3} = {7247D015-6134-4160-978B-5C88785F9CE3}
		{9CA5A3E1-8D17-4BAD-A6D6-F9A564A68B3A} = {9CA5A3E1-8D17-4BAD-A6D6-F9A564A68B3A}
	EndProjectSection
EndProject
Project("{FAE04EC0-301F-11D3-BF4B-00C04F79EFBC}") = "VisiWin7.ProcessControls.Styles.WPF", "VisiWin7.ProcessControls.Styles.WPF\VisiWin7.ProcessControls.Styles.WPF.csproj", "{9CA5A3E1-8D17-4BAD-A6D6-F9A564A68B3A}"
EndProject
Project("{FAE04EC0-301F-11D3-BF4B-00C04F79EFBC}") = "VisiWin7.ProcessControls.WPF", "VisiWin7.ProcessControls.WPF\VisiWin7.ProcessControls.WPF.csproj", "{6BD96C55-1F03-46D2-BD1C-22A0420D3C0F}"
EndProject
Project("{FAE04EC0-301F-11D3-BF4B-00C04F79EFBC}") = "VisiWin7.ProcessControls.WPF.VW7.Design", "VisiWin7.ProcessControls.WPF.VW7.Design\VisiWin7.ProcessControls.WPF.VW7.Design.csproj", "{7247D015-6134-4160-978B-5C88785F9CE3}"
EndProject
Project("{2150E333-8FDC-42A3-9474-1A3956D46DE8}") = "Solution Items", "Solution Items", "{8EC462FD-D22E-90A8-E5CE-7E832BA40C5D}"
	ProjectSection(SolutionItems) = preProject
		README.md = README.md
	EndProjectSection
EndProject
Global
	GlobalSection(SolutionConfigurationPlatforms) = preSolution
		Debug|x86 = Debug|x86
		Release|x86 = Release|x86
	EndGlobalSection
	GlobalSection(ProjectConfigurationPlatforms) = postSolution
		{3A0CB738-D9EE-473D-9741-2697659D0D9B}.Debug|x86.ActiveCfg = Debug|x86
		{3A0CB738-D9EE-473D-9741-2697659D0D9B}.Debug|x86.Build.0 = Debug|x86
		{3A0CB738-D9EE-473D-9741-2697659D0D9B}.Release|x86.ActiveCfg = Release|x86
		{3A0CB738-D9EE-473D-9741-2697659D0D9B}.Release|x86.Build.0 = Release|x86
		{9CA5A3E1-8D17-4BAD-A6D6-F9A564A68B3A}.Debug|x86.ActiveCfg = Debug|Any CPU
		{9CA5A3E1-8D17-4BAD-A6D6-F9A564A68B3A}.Debug|x86.Build.0 = Debug|Any CPU
		{9CA5A3E1-8D17-4BAD-A6D6-F9A564A68B3A}.Release|x86.ActiveCfg = Release|Any CPU
		{9CA5A3E1-8D17-4BAD-A6D6-F9A564A68B3A}.Release|x86.Build.0 = Release|Any CPU
		{6BD96C55-1F03-46D2-BD1C-22A0420D3C0F}.Debug|x86.ActiveCfg = Debug|Any CPU
		{6BD96C55-1F03-46D2-BD1C-22A0420D3C0F}.Debug|x86.Build.0 = Debug|Any CPU
		{6BD96C55-1F03-46D2-BD1C-22A0420D3C0F}.Release|x86.ActiveCfg = Release|Any CPU
		{6BD96C55-1F03-46D2-BD1C-22A0420D3C0F}.Release|x86.Build.0 = Release|Any CPU
		{7247D015-6134-4160-978B-5C88785F9CE3}.Debug|x86.ActiveCfg = Debug|Any CPU
		{7247D015-6134-4160-978B-5C88785F9CE3}.Debug|x86.Build.0 = Debug|Any CPU
		{7247D015-6134-4160-978B-5C88785F9CE3}.Release|x86.ActiveCfg = Release|Any CPU
		{7247D015-6134-4160-978B-5C88785F9CE3}.Release|x86.Build.0 = Release|Any CPU
	EndGlobalSection
	GlobalSection(SolutionProperties) = preSolution
		HideSolutionNode = FALSE
	EndGlobalSection
	GlobalSection(ExtensibilityGlobals) = postSolution
		SolutionGuid = {19DD1FF9-9E1B-4025-B5FB-5841D78F7BF6}
	EndGlobalSection
EndGlobal
